{
  "lockfileVersion": 1,
  "configVersion": 1,
  "workspaces": {
    "": {
      "name": "ai-agent-backend",
      "dependencies": {
        "@ai-sdk/amazon-bedrock": "4.0.84",
        "@ai-sdk/anthropic": "3.0.64",
        "@hono/node-server": "1.19.9",
        "ai": "6.0.141",
        "hono": "4.10.3",
        "zod": "4.3.6",
      },
      "devDependencies": {
        "@types/node": "^22.0.0",
        "tsx": "^4.20.6",
        "typescript": "^5.7.0",
      },
    },
  },
  "packages": {
    "@ai-sdk/amazon-bedrock": ["@ai-sdk/amazon-bedrock@4.0.84", "", { "dependencies": { "@ai-sdk/anthropic": "3.0.64", "@ai-sdk/provider": "3.0.8", "@ai-sdk/provider-utils": "4.0.21", "@smithy/eventstream-codec": "^4.0.1", "@smithy/util-utf8": "^4.0.0", "aws4fetch": "^1.0.20" }, "peerDependencies": { "zod": "^3.25.76 || ^4.1.8" } }, "sha512-dcYg9/eOmPoXw8guOlIN4tsFTBFCieXqQGxrcNYZ1kHp6qEV+pmSh8zhdA7BMnqLEgOC5NJCUjaPVdNAr8UKtQ=="],

    "@ai-sdk/anthropic": ["@ai-sdk/anthropic@3.0.64", "", { "dependencies": { "@ai-sdk/provider": "3.0.8", "@ai-sdk/provider-utils": "4.0.21" }, "peerDependencies": { "zod": "^3.25.76 || ^4.1.8" } }, "sha512-rwLi/Rsuj2pYniQXIrvClHvXDzgM4UQHHnvHTWEF14efnlKclG/1ghpNC+adsRujAbCTr6gRsSbDE2vEqriV7g=="],

    "@ai-sdk/gateway": ["@ai-sdk/gateway@3.0.83", "", { "dependencies": { "@ai-sdk/provider": "3.0.8", "@ai-sdk/provider-utils": "4.0.21", "@vercel/oidc": "3.1.0" }, "peerDependencies": { "zod": "^3.25.76 || ^4.1.8" } }, "sha512-LvlWujbSdEkTBXBLFtF7GS6riXdHhH0O+DpDrCaNQvXeHmSF2jKsOg7JWXiCgygAHM5cWFAO3JYmZp83DjiuBQ=="],

    "@ai-sdk/provider": ["@ai-sdk/provider@3.0.8", "", { "dependencies": { "json-schema": "^0.4.0" } }, "sha512-oGMAgGoQdBXbZqNG0Ze56CHjDZ1IDYOwGYxYjO5KLSlz5HiNQ9udIXsPZ61VWaHGZ5XW/jyjmr6t2xz2jGVwbQ=="],

    "@ai-sdk/provider-utils": ["@ai-sdk/provider-utils@4.0.21", "", { "dependencies": { "@ai-sdk/provider": "3.0.8", "@standard-schema/spec": "^1.1.0", "eventsource-parser": "^3.0.6" }, "peerDependencies": { "zod": "^3.25.76 || ^4.1.8" } }, "sha512-MtFUYI1/8mgDvRmaBDjbLJPFFrMG777AvSgyIFQtZHIMzm88R/12vYBBpnk7pfiWLFE1DSZzY4WDYzGbKAcmiw=="],

    "@aws-crypto/crc32": ["@aws-crypto/crc32@5.2.0", "", { "dependencies": { "@aws-crypto/util": "^5.2.0", "@aws-sdk/types": "^3.222.0", "tslib": "^2.6.2" } }, "sha512-nLbCWqQNgUiwwtFsen1AdzAtvuLRsQS8rYgMuxCrdKf9kOssamGLuPwyTY9wyYblNr9+1XM8v6zoDTPPSIeANg=="],

    "@aws-crypto/util": ["@aws-crypto/util@5.2.0", "", { "dependencies": { "@aws-sdk/types": "^3.222.0", "@smithy/util-utf8": "^2.0.0", "tslib": "^2.6.2" } }, "sha512-4RkU9EsI6ZpBve5fseQlGNUWKMa1RLPQ1dnjnQoe07ldfIzcsGb5hC5W0Dm7u423KWzawlrpbjXBrXCEv9zazQ=="],

    "@aws-sdk/types": ["@aws-sdk/types@3.973.6", "", { "dependencies": { "@smithy/types": "^4.13.1", "tslib": "^2.6.2" } }, "sha512-Atfcy4E++beKtwJHiDln2Nby8W/mam64opFPTiHEqgsthqeydFS1pY+OUlN1ouNOmf8ArPU/6cDS65anOP3KQw=="],

    "@esbuild/aix-ppc64": ["@esbuild/aix-ppc64@0.27.4", "", { "os": "aix", "cpu": "ppc64" }, "sha512-cQPwL2mp2nSmHHJlCyoXgHGhbEPMrEEU5xhkcy3Hs/O7nGZqEpZ2sUtLaL9MORLtDfRvVl2/3PAuEkYZH0Ty8Q=="],

    "@esbuild/android-arm": ["@esbuild/android-arm@0.27.4", "", { "os": "android", "cpu": "arm" }, "sha512-X9bUgvxiC8CHAGKYufLIHGXPJWnr0OCdR0anD2e21vdvgCI8lIfqFbnoeOz7lBjdrAGUhqLZLcQo6MLhTO2DKQ=="],

    "@esbuild/android-arm64": ["@esbuild/android-arm64@0.27.4", "", { "os": "android", "cpu": "arm64" }, "sha512-gdLscB7v75wRfu7QSm/zg6Rx29VLdy9eTr2t44sfTW7CxwAtQghZ4ZnqHk3/ogz7xao0QAgrkradbBzcqFPasw=="],

    "@esbuild/android-x64": ["@esbuild/android-x64@0.27.4", "", { "os": "android", "cpu": "x64" }, "sha512-PzPFnBNVF292sfpfhiyiXCGSn9HZg5BcAz+ivBuSsl6Rk4ga1oEXAamhOXRFyMcjwr2DVtm40G65N3GLeH1Lvw=="],

    "@esbuild/darwin-arm64": ["@esbuild/darwin-arm64@0.27.4", "", { "os": "darwin", "cpu": "arm64" }, "sha512-b7xaGIwdJlht8ZFCvMkpDN6uiSmnxxK56N2GDTMYPr2/gzvfdQN8rTfBsvVKmIVY/X7EM+/hJKEIbbHs9oA4tQ=="],

    "@esbuild/darwin-x64": ["@esbuild/darwin-x64@0.27.4", "", { "os": "darwin", "cpu": "x64" }, "sha512-sR+OiKLwd15nmCdqpXMnuJ9W2kpy0KigzqScqHI3Hqwr7IXxBp3Yva+yJwoqh7rE8V77tdoheRYataNKL4QrPw=="],

    "@esbuild/freebsd-arm64": ["@esbuild/freebsd-arm64@0.27.4", "", { "os": "freebsd", "cpu": "arm64" }, "sha512-jnfpKe+p79tCnm4GVav68A7tUFeKQwQyLgESwEAUzyxk/TJr4QdGog9sqWNcUbr/bZt/O/HXouspuQDd9JxFSw=="],

    "@esbuild/freebsd-x64": ["@esbuild/freebsd-x64@0.27.4", "", { "os": "freebsd", "cpu": "x64" }, "sha512-2kb4ceA/CpfUrIcTUl1wrP/9ad9Atrp5J94Lq69w7UwOMolPIGrfLSvAKJp0RTvkPPyn6CIWrNy13kyLikZRZQ=="],

    "@esbuild/linux-arm": ["@esbuild/linux-arm@0.27.4", "", { "os": "linux", "cpu": "arm" }, "sha512-aBYgcIxX/wd5n2ys0yESGeYMGF+pv6g0DhZr3G1ZG4jMfruU9Tl1i2Z+Wnj9/KjGz1lTLCcorqE2viePZqj4Eg=="],

    "@esbuild/linux-arm64": ["@esbuild/linux-arm64@0.27.4", "", { "os": "linux", "cpu": "arm64" }, "sha512-7nQOttdzVGth1iz57kxg9uCz57dxQLHWxopL6mYuYthohPKEK0vU0C3O21CcBK6KDlkYVcnDXY099HcCDXd9dA=="],

    "@esbuild/linux-ia32": ["@esbuild/linux-ia32@0.27.4", "", { "os": "linux", "cpu": "ia32" }, "sha512-oPtixtAIzgvzYcKBQM/qZ3R+9TEUd1aNJQu0HhGyqtx6oS7qTpvjheIWBbes4+qu1bNlo2V4cbkISr8q6gRBFA=="],

    "@esbuild/linux-loong64": ["@esbuild/linux-loong64@0.27.4", "", { "os": "linux", "cpu": "none" }, "sha512-8mL/vh8qeCoRcFH2nM8wm5uJP+ZcVYGGayMavi8GmRJjuI3g1v6Z7Ni0JJKAJW+m0EtUuARb6Lmp4hMjzCBWzA=="],

    "@esbuild/linux-mips64el": ["@esbuild/linux-mips64el@0.27.4", "", { "os": "linux", "cpu": "none" }, "sha512-1RdrWFFiiLIW7LQq9Q2NES+HiD4NyT8Itj9AUeCl0IVCA459WnPhREKgwrpaIfTOe+/2rdntisegiPWn/r/aAw=="],

    "@esbuild/linux-ppc64": ["@esbuild/linux-ppc64@0.27.4", "", { "os": "linux", "cpu": "ppc64" }, "sha512-tLCwNG47l3sd9lpfyx9LAGEGItCUeRCWeAx6x2Jmbav65nAwoPXfewtAdtbtit/pJFLUWOhpv0FpS6GQAmPrHA=="],

    "@esbuild/linux-riscv64": ["@esbuild/linux-riscv64@0.27.4", "", { "os": "linux", "cpu": "none" }, "sha512-BnASypppbUWyqjd1KIpU4AUBiIhVr6YlHx/cnPgqEkNoVOhHg+YiSVxM1RLfiy4t9cAulbRGTNCKOcqHrEQLIw=="],

    "@esbuild/linux-s390x": ["@esbuild/linux-s390x@0.27.4", "", { "os": "linux", "cpu": "s390x" }, "sha512-+eUqgb/Z7vxVLezG8bVB9SfBie89gMueS+I0xYh2tJdw3vqA/0ImZJ2ROeWwVJN59ihBeZ7Tu92dF/5dy5FttA=="],

    "@esbuild/linux-x64": ["@esbuild/linux-x64@0.27.4", "", { "os": "linux", "cpu": "x64" }, "sha512-S5qOXrKV8BQEzJPVxAwnryi2+Iq5pB40gTEIT69BQONqR7JH1EPIcQ/Uiv9mCnn05jff9umq/5nqzxlqTOg9NA=="],

    "@esbuild/netbsd-arm64": ["@esbuild/netbsd-arm64@0.27.4", "", { "os": "none", "cpu": "arm64" }, "sha512-xHT8X4sb0GS8qTqiwzHqpY00C95DPAq7nAwX35Ie/s+LO9830hrMd3oX0ZMKLvy7vsonee73x0lmcdOVXFzd6Q=="],

    "@esbuild/netbsd-x64": ["@esbuild/netbsd-x64@0.27.4", "", { "os": "none", "cpu": "x64" }, "sha512-RugOvOdXfdyi5Tyv40kgQnI0byv66BFgAqjdgtAKqHoZTbTF2QqfQrFwa7cHEORJf6X2ht+l9ABLMP0dnKYsgg=="],

    "@esbuild/openbsd-arm64": ["@esbuild/openbsd-arm64@0.27.4", "", { "os": "openbsd", "cpu": "arm64" }, "sha512-2MyL3IAaTX+1/qP0O1SwskwcwCoOI4kV2IBX1xYnDDqthmq5ArrW94qSIKCAuRraMgPOmG0RDTA74mzYNQA9ow=="],

    "@esbuild/openbsd-x64": ["@esbuild/openbsd-x64@0.27.4", "", { "os": "openbsd", "cpu": "x64" }, "sha512-u8fg/jQ5aQDfsnIV6+KwLOf1CmJnfu1ShpwqdwC0uA7ZPwFws55Ngc12vBdeUdnuWoQYx/SOQLGDcdlfXhYmXQ=="],

    "@esbuild/openharmony-arm64": ["@esbuild/openharmony-arm64@0.27.4", "", { "os": "none", "cpu": "arm64" }, "sha512-JkTZrl6VbyO8lDQO3yv26nNr2RM2yZzNrNHEsj9bm6dOwwu9OYN28CjzZkH57bh4w0I2F7IodpQvUAEd1mbWXg=="],

    "@esbuild/sunos-x64": ["@esbuild/sunos-x64@0.27.4", "", { "os": "sunos", "cpu": "x64" }, "sha512-/gOzgaewZJfeJTlsWhvUEmUG4tWEY2Spp5M20INYRg2ZKl9QPO3QEEgPeRtLjEWSW8FilRNacPOg8R1uaYkA6g=="],

    "@esbuild/win32-arm64": ["@esbuild/win32-arm64@0.27.4", "", { "os": "win32", "cpu": "arm64" }, "sha512-Z9SExBg2y32smoDQdf1HRwHRt6vAHLXcxD2uGgO/v2jK7Y718Ix4ndsbNMU/+1Qiem9OiOdaqitioZwxivhXYg=="],

    "@esbuild/win32-ia32": ["@esbuild/win32-ia32@0.27.4", "", { "os": "win32", "cpu": "ia32" }, "sha512-DAyGLS0Jz5G5iixEbMHi5KdiApqHBWMGzTtMiJ72ZOLhbu/bzxgAe8Ue8CTS3n3HbIUHQz/L51yMdGMeoxXNJw=="],

    "@esbuild/win32-x64": ["@esbuild/win32-x64@0.27.4", "", { "os": "win32", "cpu": "x64" }, "sha512-+knoa0BDoeXgkNvvV1vvbZX4+hizelrkwmGJBdT17t8FNPwG2lKemmuMZlmaNQ3ws3DKKCxpb4zRZEIp3UxFCg=="],

    "@hono/node-server": ["@hono/node-server@1.19.9", "", { "peerDependencies": { "hono": "^4" } }, "sha512-vHL6w3ecZsky+8P5MD+eFfaGTyCeOHUIFYMGpQGbrBTSmNNoxv0if69rEZ5giu36weC5saFuznL411gRX7bJDw=="],

    "@opentelemetry/api": ["@opentelemetry/api@1.9.0", "", {}, "sha512-3giAOQvZiH5F9bMlMiv8+GSPMeqg0dbaeo58/0SlA9sxSqZhnUtxzX9/2FzyhS9sWQf5S0GJE0AKBrFqjpeYcg=="],

    "@smithy/eventstream-codec": ["@smithy/eventstream-codec@4.2.12", "", { "dependencies": { "@aws-crypto/crc32": "5.2.0", "@smithy/types": "^4.13.1", "@smithy/util-hex-encoding": "^4.2.2", "tslib": "^2.6.2" } }, "sha512-FE3bZdEl62ojmy8x4FHqxq2+BuOHlcxiH5vaZ6aqHJr3AIZzwF5jfx8dEiU/X0a8RboyNDjmXjlbr8AdEyLgiA=="],

    "@smithy/is-array-buffer": ["@smithy/is-array-buffer@4.2.2", "", { "dependencies": { "tslib": "^2.6.2" } }, "sha512-n6rQ4N8Jj4YTQO3YFrlgZuwKodf4zUFs7EJIWH86pSCWBaAtAGBFfCM7Wx6D2bBJ2xqFNxGBSrUWswT3M0VJow=="],

    "@smithy/types": ["@smithy/types@4.13.1", "", { "dependencies": { "tslib": "^2.6.2" } }, "sha512-787F3yzE2UiJIQ+wYW1CVg2odHjmaWLGksnKQHUrK/lYZSEcy1msuLVvxaR/sI2/aDe9U+TBuLsXnr3vod1g0g=="],

    "@smithy/util-buffer-from": ["@smithy/util-buffer-from@4.2.2", "", { "dependencies": { "@smithy/is-array-buffer": "^4.2.2", "tslib": "^2.6.2" } }, "sha512-FDXD7cvUoFWwN6vtQfEta540Y/YBe5JneK3SoZg9bThSoOAC/eGeYEua6RkBgKjGa/sz6Y+DuBZj3+YEY21y4Q=="],

    "@smithy/util-hex-encoding": ["@smithy/util-hex-encoding@4.2.2", "", { "dependencies": { "tslib": "^2.6.2" } }, "sha512-Qcz3W5vuHK4sLQdyT93k/rfrUwdJ8/HZ+nMUOyGdpeGA1Wxt65zYwi3oEl9kOM+RswvYq90fzkNDahPS8K0OIg=="],

    "@smithy/util-utf8": ["@smithy/util-utf8@4.2.2", "", { "dependencies": { "@smithy/util-buffer-from": "^4.2.2", "tslib": "^2.6.2" } }, "sha512-75MeYpjdWRe8M5E3AW0O4Cx3UadweS+cwdXjwYGBW5h/gxxnbeZ877sLPX/ZJA9GVTlL/qG0dXP29JWFCD1Ayw=="],

    "@standard-schema/spec": ["@standard-schema/spec@1.1.0", "", {}, "sha512-l2aFy5jALhniG5HgqrD6jXLi/rUWrKvqN/qJx6yoJsgKhblVd+iqqU4RCXavm/jPityDo5TCvKMnpjKnOriy0w=="],

    "@types/node": ["@types/node@22.19.15", "", { "dependencies": { "undici-types": "~6.21.0" } }, "sha512-F0R/h2+dsy5wJAUe3tAU6oqa2qbWY5TpNfL/RGmo1y38hiyO1w3x2jPtt76wmuaJI4DQnOBu21cNXQ2STIUUWg=="],

    "@vercel/oidc": ["@vercel/oidc@3.1.0", "", {}, "sha512-Fw28YZpRnA3cAHHDlkt7xQHiJ0fcL+NRcIqsocZQUSmbzeIKRpwttJjik5ZGanXP+vlA4SbTg+AbA3bP363l+w=="],

    "ai": ["ai@6.0.141", "", { "dependencies": { "@ai-sdk/gateway": "3.0.83", "@ai-sdk/provider": "3.0.8", "@ai-sdk/provider-utils": "4.0.21", "@opentelemetry/api": "1.9.0" }, "peerDependencies": { "zod": "^3.25.76 || ^4.1.8" } }, "sha512-+GomGQWaId3xN0wcugUW/H7xMMaFkID2PiS7K/Wugj45G3efv0BXhQ3psRZoQVoRbOpdNoUqcK/KTB+FR4h6qg=="],

    "aws4fetch": ["aws4fetch@1.0.20", "", {}, "sha512-/djoAN709iY65ETD6LKCtyyEI04XIBP5xVvfmNxsEP0uJB5tyaGBztSryRr4HqMStr9R06PisQE7m9zDTXKu6g=="],

    "esbuild": ["esbuild@0.27.4", "", { "optionalDependencies": { "@esbuild/aix-ppc64": "0.27.4", "@esbuild/android-arm": "0.27.4", "@esbuild/android-arm64": "0.27.4", "@esbuild/android-x64": "0.27.4", "@esbuild/darwin-arm64": "0.27.4", "@esbuild/darwin-x64": "0.27.4", "@esbuild/freebsd-arm64": "0.27.4", "@esbuild/freebsd-x64": "0.27.4", "@esbuild/linux-arm": "0.27.4", "@esbuild/linux-arm64": "0.27.4", "@esbuild/linux-ia32": "0.27.4", "@esbuild/linux-loong64": "0.27.4", "@esbuild/linux-mips64el": "0.27.4", "@esbuild/linux-ppc64": "0.27.4", "@esbuild/linux-riscv64": "0.27.4", "@esbuild/linux-s390x": "0.27.4", "@esbuild/linux-x64": "0.27.4", "@esbuild/netbsd-arm64": "0.27.4", "@esbuild/netbsd-x64": "0.27.4", "@esbuild/openbsd-arm64": "0.27.4", "@esbuild/openbsd-x64": "0.27.4", "@esbuild/openharmony-arm64": "0.27.4", "@esbuild/sunos-x64": "0.27.4", "@esbuild/win32-arm64": "0.27.4", "@esbuild/win32-ia32": "0.27.4", "@esbuild/win32-x64": "0.27.4" }, "bin": { "esbuild": "bin/esbuild" } }, "sha512-Rq4vbHnYkK5fws5NF7MYTU68FPRE1ajX7heQ/8QXXWqNgqqJ/GkmmyxIzUnf2Sr/bakf8l54716CcMGHYhMrrQ=="],

    "eventsource-parser": ["eventsource-parser@3.0.6", "", {}, "sha512-Vo1ab+QXPzZ4tCa8SwIHJFaSzy4R6SHf7BY79rFBDf0idraZWAkYrDjDj8uWaSm3S2TK+hJ7/t1CEmZ7jXw+pg=="],

    "fsevents": ["fsevents@2.3.3", "", { "os": "darwin" }, "sha512-5xoDfX+fL7faATnagmWPpbFtwh/R77WmMMqqHGS65C3vvB0YHrgF+B1YmZ3441tMj5n63k0212XNoJwzlhffQw=="],

    "get-tsconfig": ["get-tsconfig@4.13.7", "", { "dependencies": { "resolve-pkg-maps": "^1.0.0" } }, "sha512-7tN6rFgBlMgpBML5j8typ92BKFi2sFQvIdpAqLA2beia5avZDrMs0FLZiM5etShWq5irVyGcGMEA1jcDaK7A/Q=="],

    "hono": ["hono@4.10.3", "", {}, "sha512-2LOYWUbnhdxdL8MNbNg9XZig6k+cZXm5IjHn2Aviv7honhBMOHb+jxrKIeJRZJRmn+htUCKhaicxwXuUDlchRA=="],

    "json-schema": ["json-schema@0.4.0", "", {}, "sha512-es94M3nTIfsEPisRafak+HDLfHXnKBhV3vU5eqPcS3flIWqcxJWgXHXiey3YrpaNsanY5ei1VoYEbOzijuq9BA=="],

    "resolve-pkg-maps": ["resolve-pkg-maps@1.0.0", "", {}, "sha512-seS2Tj26TBVOC2NIc2rOe2y2ZO7efxITtLZcGSOnHHNOQ7CkiUBfw0Iw2ck6xkIhPwLhKNLS8BO+hEpngQlqzw=="],

    "tslib": ["tslib@2.8.1", "", {}, "sha512-oJFu94HQb+KVduSUQL7wnpmqnfmLsOA/nAh6b6EH0wCEoK0/mPeXU6c3wKDV83MkOuHPRHtSXKKU99IBazS/2w=="],

    "tsx": ["tsx@4.21.0", "", { "dependencies": { "esbuild": "~0.27.0", "get-tsconfig": "^4.7.5" }, "optionalDependencies": { "fsevents": "~2.3.3" }, "bin": { "tsx": "dist/cli.mjs" } }, "sha512-5C1sg4USs1lfG0GFb2RLXsdpXqBSEhAaA/0kPL01wxzpMqLILNxIxIOKiILz+cdg/pLnOUxFYOR5yhHU666wbw=="],

    "typescript": ["typescript@5.9.3", "", { "bin": { "tsc": "bin/tsc", "tsserver": "bin/tsserver" } }, "sha512-jl1vZzPDinLr9eUt3J/t7V6FgNEw9QjvBPdysz9KfQDD41fQrC2Y4vKQdiaUpFT4bXlb1RHhLpp8wtm6M5TgSw=="],

    "undici-types": ["undici-types@6.21.0", "", {}, "sha512-iwDZqg0QAGrg9Rav5H4n0M64c3mkR59cJ6wQp+7C4nI0gsmExaedaYLNO44eT4AtBBwjbTiGPMlt2Md0T9H9JQ=="],

    "zod": ["zod@4.3.6", "", {}, "sha512-rftlrkhHZOcjDwkGlnUtZZkvaPHCsDATp4pGpuOOMDaTdDDXF91wuVDJoWoPsKX/3YPQ5fHuF3STjcYyKr+Qhg=="],

    "@aws-crypto/util/@smithy/util-utf8": ["@smithy/util-utf8@2.3.0", "", { "dependencies": { "@smithy/util-buffer-from": "^2.2.0", "tslib": "^2.6.2" } }, "sha512-R8Rdn8Hy72KKcebgLiv8jQcQkXoLMOGGv5uI1/k0l+snqkOzQ1R0ChUBCxWMlBsFMekWjq0wRudIweFs7sKT5A=="],

    "@aws-crypto/util/@smithy/util-utf8/@smithy/util-buffer-from": ["@smithy/util-buffer-from@2.2.0", "", { "dependencies": { "@smithy/is-array-buffer": "^2.2.0", "tslib": "^2.6.2" } }, "sha512-IJdWBbTcMQ6DA0gdNhh/BwrLkDR+ADW5Kr1aZmd4k3DIF6ezMV4R2NIAmT08wQJ3yUK82thHWmC/TnK/wpMMIA=="],

    "@aws-crypto/util/@smithy/util-utf8/@smithy/util-buffer-from/@smithy/is-array-buffer": ["@smithy/is-array-buffer@2.2.0", "", { "dependencies": { "tslib": "^2.6.2" } }, "sha512-GGP3O9QFD24uGeAXYUjwSTXARoqpZykHadOmA8G5vfJPK0/DC67qa//0qvqrJzL1xc8WQWX7/yc7fwudjPHPhA=="],
  }
}
